
Microsoft Visual Studio Solution File, Format Version 12.00
# Visual Studio Version 16
VisualStudioVersion = 16.0.28902.138
MinimumVisualStudioVersion = 10.0.40219.1
Project("{FAE04EC0-301F-11D3-BF4B-00C04F79EFBC}") = "TrabajoFinalRecursosHumanos", "TrabajoFinalRecursosHumanos.csproj", "{CDA9A57B-D5D3-4DD8-AEED-20769D73513F}"
EndProject
Project("{FAE04EC0-301F-11D3-BF4B-00C04F79EFBC}") = "Entidades", "..\Entidades\Entidades.csproj", "{2C8DF30E-B584-4377-AA85-483FAC67991A}"
EndProject
Project("{FAE04EC0-301F-11D3-BF4B-00C04F79EFBC}") = "RecursosHumanosBLL", "..\RecursosHumanosBLL\RecursosHumanosBLL.csproj", "{3C801536-04C0-412B-9207-CCA5425C373A}"
EndProject
Project("{FAE04EC0-301F-11D3-BF4B-00C04F79EFBC}") = "RecusrosHumanosContexto", "..\RecusrosHumanosContexto\RecusrosHumanosContexto.csproj", "{BE9434CB-F1D2-4704-8D34-EE9E91009867}"
EndProject
Global
	GlobalSection(SolutionConfigurationPlatforms) = preSolution
		Debug|Any CPU = Debug|Any CPU
		Release|Any CPU = Release|Any CPU
	EndGlobalSection
	GlobalSection(ProjectConfigurationPlatforms) = postSolution
		{CDA9A57B-D5D3-4DD8-AEED-20769D73513F}.Debug|Any CPU.ActiveCfg = Debug|Any CPU
		{CDA9A57B-D5D3-4DD8-AEED-20769D73513F}.Debug|Any CPU.Build.0 = Debug|Any CPU
		{CDA9A57B-D5D3-4DD8-AEED-20769D73513F}.Release|Any CPU.ActiveCfg = Release|Any CPU
		{CDA9A57B-D5D3-4DD8-AEED-20769D73513F}.Release|Any CPU.Build.0 = Release|Any CPU
		{2C8DF30E-B584-4377-AA85-483FAC67991A}.Debug|Any CPU.ActiveCfg = Debug|Any CPU
		{2C8DF30E-B584-4377-AA85-483FAC67991A}.Debug|Any CPU.Build.0 = Debug|Any CPU
		{2C8DF30E-B584-4377-AA85-483FAC67991A}.Release|Any CPU.ActiveCfg = Release|Any CPU
		{2C8DF30E-B584-4377-AA85-483FAC67991A}.Release|Any CPU.Build.0 = Release|Any CPU
		{3C801536-04C0-412B-9207-CCA5425C373A}.Debug|Any CPU.ActiveCfg = Debug|Any CPU
		{3C801536-04C0-412B-9207-CCA5425C373A}.Debug|Any CPU.Build.0 = Debug|Any CPU
		{3C801536-04C0-412B-9207-CCA5425C373A}.Release|Any CPU.ActiveCfg = Release|Any CPU
		{3C801536-04C0-412B-9207-CCA5425C373A}.Release|Any CPU.Build.0 = Release|Any CPU
		{BE9434CB-F1D2-4704-8D34-EE9E91009867}.Debug|Any CPU.ActiveCfg = Debug|Any CPU
		{BE9434CB-F1D2-4704-8D34-EE9E91009867}.Debug|Any CPU.Build.0 = Debug|Any CPU
		{BE9434CB-F1D2-4704-8D34-EE9E91009867}.Release|Any CPU.ActiveCfg = Release|Any CPU
		{BE9434CB-F1D2-4704-8D34-EE9E91009867}.Release|Any CPU.Build.0 = Release|Any CPU
	EndGlobalSection
	GlobalSection(SolutionProperties) = preSolution
		HideSolutionNode = FALSE
	EndGlobalSection
	GlobalSection(ExtensibilityGlobals) = postSolution
		SolutionGuid = {A627E4DF-8AA9-46EA-9C9F-EB7897CC41C0}
	EndGlobalSection
EndGlobal
